
Microsoft Visual Studio Solution File, Format Version 12.00
# Visual Studio Version 17
VisualStudioVersion = 17.0.31903.59
MinimumVisualStudioVersion = 10.0.40219.1
Project("{9A19103F-16F7-4668-BE54-9A1E7A4F7556}") = "TodoList.API", "src\TodoList.API\TodoList.API.csproj", "{6AFC64BD-719E-49ED-A2CA-6932E64781C4}"
EndProject
Project("{9A19103F-16F7-4668-BE54-9A1E7A4F7556}") = "TodoList.Application", "src\TodoList.Application\TodoList.Application.csproj", "{7B958EC8-A95A-49A4-BFF1-EB1FA4E8915C}"
EndProject
Project("{9A19103F-16F7-4668-BE54-9A1E7A4F7556}") = "TodoList.Domain", "src\TodoList.Domain\TodoList.Domain.csproj", "{F1DA7DB9-02AC-4B55-BED1-680B371A85A3}"
EndProject
Project("{9A19103F-16F7-4668-BE54-9A1E7A4F7556}") = "TodoList.Infrastructure", "src\TodoList.Infrastructure\TodoList.Infrastructure.csproj", "{D31E6B8F-3675-4633-9B2A-AE3E419160F5}"
EndProject
Project("{2150E333-8FDC-42A3-9474-1A3956D46DE8}") = "tests", "tests", "{4516A92F-5841-4A92-9F2E-6FCEF15B8FF0}"
EndProject
Project("{2150E333-8FDC-42A3-9474-1A3956D46DE8}") = "src", "src", "{3F0B88EF-3A4F-43AC-B2D3-21646D263F1F}"
EndProject
Project("{FAE04EC0-301F-11D3-BF4B-00C04F79EFBC}") = "TodoList.Application.Tests", "tests\TodoList.Application.Tests\TodoList.Application.Tests.csproj", "{53262AFB-0632-487F-9B7E-A2F192FC9753}"
EndProject
Global
	GlobalSection(SolutionConfigurationPlatforms) = preSolution
		Debug|Any CPU = Debug|Any CPU
		Release|Any CPU = Release|Any CPU
	EndGlobalSection
	GlobalSection(ProjectConfigurationPlatforms) = postSolution
		{6AFC64BD-719E-49ED-A2CA-6932E64781C4}.Debug|Any CPU.ActiveCfg = Debug|Any CPU
		{6AFC64BD-719E-49ED-A2CA-6932E64781C4}.Debug|Any CPU.Build.0 = Debug|Any CPU
		{6AFC64BD-719E-49ED-A2CA-6932E64781C4}.Release|Any CPU.ActiveCfg = Release|Any CPU
		{6AFC64BD-719E-49ED-A2CA-6932E64781C4}.Release|Any CPU.Build.0 = Release|Any CPU
		{7B958EC8-A95A-49A4-BFF1-EB1FA4E8915C}.Debug|Any CPU.ActiveCfg = Debug|Any CPU
		{7B958EC8-A95A-49A4-BFF1-EB1FA4E8915C}.Debug|Any CPU.Build.0 = Debug|Any CPU
		{7B958EC8-A95A-49A4-BFF1-EB1FA4E8915C}.Release|Any CPU.ActiveCfg = Release|Any CPU
		{7B958EC8-A95A-49A4-BFF1-EB1FA4E8915C}.Release|Any CPU.Build.0 = Release|Any CPU
		{F1DA7DB9-02AC-4B55-BED1-680B371A85A3}.Debug|Any CPU.ActiveCfg = Debug|Any CPU
		{F1DA7DB9-02AC-4B55-BED1-680B371A85A3}.Debug|Any CPU.Build.0 = Debug|Any CPU
		{F1DA7DB9-02AC-4B55-BED1-680B371A85A3}.Release|Any CPU.ActiveCfg = Release|Any CPU
		{F1DA7DB9-02AC-4B55-BED1-680B371A85A3}.Release|Any CPU.Build.0 = Release|Any CPU
		{D31E6B8F-3675-4633-9B2A-AE3E419160F5}.Debug|Any CPU.ActiveCfg = Debug|Any CPU
		{D31E6B8F-3675-4633-9B2A-AE3E419160F5}.Debug|Any CPU.Build.0 = Debug|Any CPU
		{D31E6B8F-3675-4633-9B2A-AE3E419160F5}.Release|Any CPU.ActiveCfg = Release|Any CPU
		{D31E6B8F-3675-4633-9B2A-AE3E419160F5}.Release|Any CPU.Build.0 = Release|Any CPU
		{53262AFB-0632-487F-9B7E-A2F192FC9753}.Debug|Any CPU.ActiveCfg = Debug|Any CPU
		{53262AFB-0632-487F-9B7E-A2F192FC9753}.Debug|Any CPU.Build.0 = Debug|Any CPU
		{53262AFB-0632-487F-9B7E-A2F192FC9753}.Release|Any CPU.ActiveCfg = Release|Any CPU
		{53262AFB-0632-487F-9B7E-A2F192FC9753}.Release|Any CPU.Build.0 = Release|Any CPU
	EndGlobalSection
	GlobalSection(SolutionProperties) = preSolution
		HideSolutionNode = FALSE
	EndGlobalSection
	GlobalSection(NestedProjects) = preSolution
		{6AFC64BD-719E-49ED-A2CA-6932E64781C4} = {3F0B88EF-3A4F-43AC-B2D3-21646D263F1F}
		{7B958EC8-A95A-49A4-BFF1-EB1FA4E8915C} = {3F0B88EF-3A4F-43AC-B2D3-21646D263F1F}
		{F1DA7DB9-02AC-4B55-BED1-680B371A85A3} = {3F0B88EF-3A4F-43AC-B2D3-21646D263F1F}
		{D31E6B8F-3675-4633-9B2A-AE3E419160F5} = {3F0B88EF-3A4F-43AC-B2D3-21646D263F1F}
		{53262AFB-0632-487F-9B7E-A2F192FC9753} = {4516A92F-5841-4A92-9F2E-6FCEF15B8FF0}
	EndGlobalSection
EndGlobal
